
Microsoft Visual Studio Solution File, Format Version 12.00
# Visual Studio Version 17
VisualStudioVersion = 17.5.002.0
MinimumVisualStudioVersion = 10.0.40219.1
Project("{9A19103F-16F7-4668-BE54-9A1E7A4F7556}") = "csharp", "csharp.csproj", "{1AD37F6D-DEC5-4B15-8A40-4131DE550622}"
EndProject
Global
	GlobalSection(SolutionConfigurationPlatforms) = preSolution
		Debug|Any CPU = Debug|Any CPU
		Release|Any CPU = Release|Any CPU
	EndGlobalSection
	GlobalSection(ProjectConfigurationPlatforms) = postSolution
		{1AD37F6D-DEC5-4B15-8A40-4131DE550622}.Debug|Any CPU.ActiveCfg = Debug|Any CPU
		{1AD37F6D-DEC5-4B15-8A40-4131DE550622}.Debug|Any CPU.Build.0 = Debug|Any CPU
		{1AD37F6D-DEC5-4B15-8A40-4131DE550622}.Release|Any CPU.ActiveCfg = Release|Any CPU
		{1AD37F6D-DEC5-4B15-8A40-4131DE550622}.Release|Any CPU.Build.0 = Release|Any CPU
	EndGlobalSection
	GlobalSection(SolutionProperties) = preSolution
		HideSolutionNode = FALSE
	EndGlobalSection
	GlobalSection(ExtensibilityGlobals) = postSolution
		SolutionGuid = {285301B4-CDB4-4A67-89AD-3A59CF970B3C}
	EndGlobalSection
EndGlobal
